{
  "name": "hass-config",
  "lockfileVersion": 3,
  "requires": true,
  "packages": {
    "": {
      "devDependencies": {
        "hass-generator": "file:../hass-generator"
      }
    },
    "../hass-generator": {
      "version": "0.1.0",
      "dev": true,
      "license": "MIT",
      "dependencies": {
        "commander": "^12.0.0",
        "dotenv": "^16.3.1",
        "ws": "^8.16.0",
        "yaml": "^2.3.4"
      },
      "bin": {
        "hass-gen": "bin/hass-gen.js"
      },
      "engines": {
        "node": ">=18"
      }
    },
    "node_modules/hass-generator": {
      "resolved": "../hass-generator",
      "link": true
    }
  }
}
